
Microsoft Visual Studio Solution File, Format Version 12.00
# Visual Studio 14
VisualStudioVersion = 14.0.25420.1
MinimumVisualStudioVersion = 10.0.40219.1
Project("{FAE04EC0-301F-11D3-BF4B-00C04F79EFBC}") = "VogeltellerV2", "VogeltellerV2\VogeltellerV2.csproj", "{AC4FA282-F8D6-433B-BAC5-677E6F68B2F4}"
EndProject
Project("{FAE04EC0-301F-11D3-BF4B-00C04F79EFBC}") = "Datalayer", "Datalayer\Datalayer.csproj", "{F65358DA-5257-438B-9E20-025C58A5DF2C}"
EndProject
Project("{FAE04EC0-301F-11D3-BF4B-00C04F79EFBC}") = "Models", "Models\Models.csproj", "{DFB4D735-76B9-437C-9E24-627468FBDEE7}"
EndProject
Project("{FAE04EC0-301F-11D3-BF4B-00C04F79EFBC}") = "Logic", "Logic\Logic.csproj", "{68F55959-446A-4652-9A42-15A05E6328E5}"
EndProject
Project("{FAE04EC0-301F-11D3-BF4B-00C04F79EFBC}") = "VogelTellerTests", "VogelTellerTests\VogelTellerTests.csproj", "{330AED5B-F59A-4646-B8DC-E9841FC58376}"
EndProject
Global
	GlobalSection(SolutionConfigurationPlatforms) = preSolution
		Debug|Any CPU = Debug|Any CPU
		Release|Any CPU = Release|Any CPU
	EndGlobalSection
	GlobalSection(ProjectConfigurationPlatforms) = postSolution
		{AC4FA282-F8D6-433B-BAC5-677E6F68B2F4}.Debug|Any CPU.ActiveCfg = Debug|Any CPU
		{AC4FA282-F8D6-433B-BAC5-677E6F68B2F4}.Debug|Any CPU.Build.0 = Debug|Any CPU
		{AC4FA282-F8D6-433B-BAC5-677E6F68B2F4}.Release|Any CPU.ActiveCfg = Release|Any CPU
		{AC4FA282-F8D6-433B-BAC5-677E6F68B2F4}.Release|Any CPU.Build.0 = Release|Any CPU
		{F65358DA-5257-438B-9E20-025C58A5DF2C}.Debug|Any CPU.ActiveCfg = Debug|Any CPU
		{F65358DA-5257-438B-9E20-025C58A5DF2C}.Debug|Any CPU.Build.0 = Debug|Any CPU
		{F65358DA-5257-438B-9E20-025C58A5DF2C}.Release|Any CPU.ActiveCfg = Release|Any CPU
		{F65358DA-5257-438B-9E20-025C58A5DF2C}.Release|Any CPU.Build.0 = Release|Any CPU
		{DFB4D735-76B9-437C-9E24-627468FBDEE7}.Debug|Any CPU.ActiveCfg = Debug|Any CPU
		{DFB4D735-76B9-437C-9E24-627468FBDEE7}.Debug|Any CPU.Build.0 = Debug|Any CPU
		{DFB4D735-76B9-437C-9E24-627468FBDEE7}.Release|Any CPU.ActiveCfg = Release|Any CPU
		{DFB4D735-76B9-437C-9E24-627468FBDEE7}.Release|Any CPU.Build.0 = Release|Any CPU
		{68F55959-446A-4652-9A42-15A05E6328E5}.Debug|Any CPU.ActiveCfg = Debug|Any CPU
		{68F55959-446A-4652-9A42-15A05E6328E5}.Debug|Any CPU.Build.0 = Debug|Any CPU
		{68F55959-446A-4652-9A42-15A05E6328E5}.Release|Any CPU.ActiveCfg = Release|Any CPU
		{68F55959-446A-4652-9A42-15A05E6328E5}.Release|Any CPU.Build.0 = Release|Any CPU
		{330AED5B-F59A-4646-B8DC-E9841FC58376}.Debug|Any CPU.ActiveCfg = Debug|Any CPU
		{330AED5B-F59A-4646-B8DC-E9841FC58376}.Debug|Any CPU.Build.0 = Debug|Any CPU
		{330AED5B-F59A-4646-B8DC-E9841FC58376}.Release|Any CPU.ActiveCfg = Release|Any CPU
		{330AED5B-F59A-4646-B8DC-E9841FC58376}.Release|Any CPU.Build.0 = Release|Any CPU
	EndGlobalSection
	GlobalSection(SolutionProperties) = preSolution
		HideSolutionNode = FALSE
	EndGlobalSection
EndGlobal
